
Microsoft Visual Studio Solution File, Format Version 12.00
# Visual Studio Version 16
VisualStudioVersion = 16.0.35229.62
MinimumVisualStudioVersion = 10.0.40219.1
Project("{FAE04EC0-301F-11D3-BF4B-00C04F79EFBC}") = "TranVanTinh-ktraFE", TranVanTinh_KiemtraFE\TranVanTinh-ktraFE.csproj", "{F86E1761-225C-4ABA-8F02-059462791640}"
EndProject
Global
	GlobalSection(SolutionConfigurationPlatforms) = preSolution
		Debug|Any CPU = Debug|Any CPU
		Release|Any CPU = Release|Any CPU
	EndGlobalSection
	GlobalSection(ProjectConfigurationPlatforms) = postSolution
		{F86E1761-225C-4ABA-8F02-059462791640}.Debug|Any CPU.ActiveCfg = Debug|Any CPU
		{F86E1761-225C-4ABA-8F02-059462791640}.Debug|Any CPU.Build.0 = Debug|Any CPU
		{F86E1761-225C-4ABA-8F02-059462791640}.Release|Any CPU.ActiveCfg = Release|Any CPU
		{F86E1761-225C-4ABA-8F02-059462791640}.Release|Any CPU.Build.0 = Release|Any CPU
	EndGlobalSection
	GlobalSection(SolutionProperties) = preSolution
		HideSolutionNode = FALSE
	EndGlobalSection
	GlobalSection(ExtensibilityGlobals) = postSolution
		SolutionGuid = {2A4F0C62-3FA6-4780-BACA-9B9FCE3D10DC}
	EndGlobalSection
EndGlobal
